
Microsoft Visual Studio Solution File, Format Version 12.00
# Visual Studio Version 16
VisualStudioVersion = 16.0.31729.503
MinimumVisualStudioVersion = 10.0.40219.1
Project("{FAE04EC0-301F-11D3-BF4B-00C04F79EFBC}") = "ConstructorProperties", "ConstructorProperties\ConstructorProperties.csproj", "{9D9F1033-D277-4647-A54D-932ABCCED2F2}"
EndProject
Global
	GlobalSection(SolutionConfigurationPlatforms) = preSolution
		Debug|Any CPU = Debug|Any CPU
		Release|Any CPU = Release|Any CPU
	EndGlobalSection
	GlobalSection(ProjectConfigurationPlatforms) = postSolution
		{9D9F1033-D277-4647-A54D-932ABCCED2F2}.Debug|Any CPU.ActiveCfg = Debug|Any CPU
		{9D9F1033-D277-4647-A54D-932ABCCED2F2}.Debug|Any CPU.Build.0 = Debug|Any CPU
		{9D9F1033-D277-4647-A54D-932ABCCED2F2}.Release|Any CPU.ActiveCfg = Release|Any CPU
		{9D9F1033-D277-4647-A54D-932ABCCED2F2}.Release|Any CPU.Build.0 = Release|Any CPU
	EndGlobalSection
	GlobalSection(SolutionProperties) = preSolution
		HideSolutionNode = FALSE
	EndGlobalSection
	GlobalSection(ExtensibilityGlobals) = postSolution
		SolutionGuid = {F01F7431-63F1-4972-9BB9-2C17DBB45AA0}
	EndGlobalSection
EndGlobal
